
Microsoft Visual Studio Solution File, Format Version 12.00
# Visual Studio Version 17
VisualStudioVersion = 17.9.34622.214
MinimumVisualStudioVersion = 10.0.40219.1
Project("{FAE04EC0-301F-11D3-BF4B-00C04F79EFBC}") = "Manav_Projesi", "Manav_Projesi\Manav_Projesi.csproj", "{E8E446A8-8687-4F63-9D65-8ED775DFE8CC}"
EndProject
Global
	GlobalSection(SolutionConfigurationPlatforms) = preSolution
		Debug|Any CPU = Debug|Any CPU
		Release|Any CPU = Release|Any CPU
	EndGlobalSection
	GlobalSection(ProjectConfigurationPlatforms) = postSolution
		{E8E446A8-8687-4F63-9D65-8ED775DFE8CC}.Debug|Any CPU.ActiveCfg = Debug|Any CPU
		{E8E446A8-8687-4F63-9D65-8ED775DFE8CC}.Debug|Any CPU.Build.0 = Debug|Any CPU
		{E8E446A8-8687-4F63-9D65-8ED775DFE8CC}.Release|Any CPU.ActiveCfg = Release|Any CPU
		{E8E446A8-8687-4F63-9D65-8ED775DFE8CC}.Release|Any CPU.Build.0 = Release|Any CPU
	EndGlobalSection
	GlobalSection(SolutionProperties) = preSolution
		HideSolutionNode = FALSE
	EndGlobalSection
	GlobalSection(ExtensibilityGlobals) = postSolution
		SolutionGuid = {16957A46-E676-47F3-AE9B-AFBBADA7887F}
	EndGlobalSection
EndGlobal
